
Microsoft Visual Studio Solution File, Format Version 12.00
# Visual Studio Version 17
VisualStudioVersion = 17.13.35919.96
MinimumVisualStudioVersion = 10.0.40219.1
Project("{FAE04EC0-301F-11D3-BF4B-00C04F79EFBC}") = "Almacen", "Almacen\Almacen.csproj", "{7E2DEF9E-53F8-43B9-8380-FB32BA77BEDD}"
EndProject
Project("{2150E333-8FDC-42A3-9474-1A3956D46DE8}") = "capas", "capas", "{02EA681E-C7D8-13C7-8484-4AC65E1B71E8}"
EndProject
Project("{2150E333-8FDC-42A3-9474-1A3956D46DE8}") = "1.-Presentacion", "1.-Presentacion", "{548D17FC-80B1-462E-8C36-7A1E13F72C31}"
EndProject
Project("{2150E333-8FDC-42A3-9474-1A3956D46DE8}") = "2.-Dominio", "2.-Dominio", "{FB0A8040-1B1C-4BA7-9252-8A2867ECE1B9}"
EndProject
Project("{2150E333-8FDC-42A3-9474-1A3956D46DE8}") = "3.-Infraestructura", "3.-Infraestructura", "{50B38262-F74B-4950-94A3-469F36A91961}"
EndProject
Project("{2150E333-8FDC-42A3-9474-1A3956D46DE8}") = "web", "web", "{4148C216-768F-40C1-A5D3-C9AF7AD488B6}"
EndProject
Project("{2150E333-8FDC-42A3-9474-1A3956D46DE8}") = "ASP.NET MVC", "ASP.NET MVC", "{0855AD8C-9873-448C-9573-4F93BC52B4E1}"
EndProject
Project("{2150E333-8FDC-42A3-9474-1A3956D46DE8}") = "Core", "Core", "{8971E6F2-CEC1-48E2-8CB7-89B60401960A}"
EndProject
Project("{2150E333-8FDC-42A3-9474-1A3956D46DE8}") = "Main Module", "Main Module", "{DD6D76B7-0F4A-4104-A561-7A1E318857E3}"
EndProject
Project("{FAE04EC0-301F-11D3-BF4B-00C04F79EFBC}") = "Dominio.Core.Entities.Login", "Dominio.Core.Entities\Dominio.Core.Entities.Login.csproj", "{5CD463B0-6E31-4ABE-A8BE-A81B8D14AE26}"
EndProject
Project("{FAE04EC0-301F-11D3-BF4B-00C04F79EFBC}") = "Dominio.Core.MainModule.Login", "Dominio.Core.MainModule\Dominio.Core.MainModule.Login.csproj", "{A966CABC-6295-48A5-B94F-84D61A5BE7DF}"
EndProject
Project("{FAE04EC0-301F-11D3-BF4B-00C04F79EFBC}") = "Infraestructura.Data.SqlServer.Login", "Infraestructura.Data.SqlServer\Infraestructura.Data.SqlServer.Login.csproj", "{B66D20F5-7719-494B-925F-0DDE90788682}"
EndProject
Project("{FAE04EC0-301F-11D3-BF4B-00C04F79EFBC}") = "Infraestructura.Helpers", "Infraestructura.Helpers\Infraestructura.Helpers.csproj", "{DC9CE9D9-77D8-40C9-83FF-E019ED3B965D}"
EndProject
Project("{2150E333-8FDC-42A3-9474-1A3956D46DE8}") = "DATA", "DATA", "{507EB194-FAE2-47E2-B696-6FAC607FB05C}"
EndProject
Project("{FAE04EC0-301F-11D3-BF4B-00C04F79EFBC}") = "Dominio.Core.Entities.Producto", "Dominio.Core.Entities.Producto\Dominio.Core.Entities.Producto.csproj", "{295875E8-AF43-429D-ABC2-BBF6F5EBD646}"
EndProject
Project("{FAE04EC0-301F-11D3-BF4B-00C04F79EFBC}") = "Dominio.Core.Entities.Pedido", "Dominio.Core.Entities.Pedido\Dominio.Core.Entities.Pedido.csproj", "{C4B7E0E6-4F87-45E4-BC23-09C192D89E77}"
EndProject
Project("{FAE04EC0-301F-11D3-BF4B-00C04F79EFBC}") = "Infraestructura.Data.SqlServer.Producto", "Infraestructura.Data.SqlServer.Producto\Infraestructura.Data.SqlServer.Producto.csproj", "{C4778B99-8E20-4289-B4F7-5A1F9D57612F}"
EndProject
Project("{FAE04EC0-301F-11D3-BF4B-00C04F79EFBC}") = "Dominio.Core.MainModule.Producto", "Dominio.Core.MainModule.Producto\Dominio.Core.MainModule.Producto.csproj", "{E9BBDDE2-1FCB-4978-8063-5D12D36D1CAD}"
EndProject
Project("{FAE04EC0-301F-11D3-BF4B-00C04F79EFBC}") = "Dominio.Core.MainModule.Carrito", "Dominio.Core.MainModule.Carrito\Dominio.Core.MainModule.Carrito.csproj", "{5789C04B-DAAC-445D-8D20-AA09861C49AA}"
EndProject
Project("{FAE04EC0-301F-11D3-BF4B-00C04F79EFBC}") = "Infraestructura.Data.SqlServer.Carrito", "Infraestructura.Data.SqlServer.Carrito\Infraestructura.Data.SqlServer.Carrito.csproj", "{14A12DD6-7D6B-40A2-A08E-6527495AE9E8}"
EndProject
Project("{FAE04EC0-301F-11D3-BF4B-00C04F79EFBC}") = "Dominio.Core.Entities.Carrito", "Dominio.Core.Entities.Carrito\Dominio.Core.Entities.Carrito.csproj", "{651EF631-3909-4154-9955-DCCDDDDF8E59}"
EndProject
Project("{FAE04EC0-301F-11D3-BF4B-00C04F79EFBC}") = "Infraestructura.Data.SqlServer.Pedido", "Infraestructura.Data.SqlServer.Pedido\Infraestructura.Data.SqlServer.Pedido.csproj", "{8FA8B655-4B3D-4825-8D3F-7DDE5B91352D}"
EndProject
Project("{FAE04EC0-301F-11D3-BF4B-00C04F79EFBC}") = "Dominio.Core.MainModule.Pedido", "Dominio.Core.MainModule.Pedido\Dominio.Core.MainModule.Pedido.csproj", "{9E4C4A42-5BCC-452E-AB9A-457EFDB64AD2}"
EndProject
Global
	GlobalSection(SolutionConfigurationPlatforms) = preSolution
		Debug|Any CPU = Debug|Any CPU
		Release|Any CPU = Release|Any CPU
	EndGlobalSection
	GlobalSection(ProjectConfigurationPlatforms) = postSolution
		{7E2DEF9E-53F8-43B9-8380-FB32BA77BEDD}.Debug|Any CPU.ActiveCfg = Debug|Any CPU
		{7E2DEF9E-53F8-43B9-8380-FB32BA77BEDD}.Debug|Any CPU.Build.0 = Debug|Any CPU
		{7E2DEF9E-53F8-43B9-8380-FB32BA77BEDD}.Release|Any CPU.ActiveCfg = Release|Any CPU
		{7E2DEF9E-53F8-43B9-8380-FB32BA77BEDD}.Release|Any CPU.Build.0 = Release|Any CPU
		{5CD463B0-6E31-4ABE-A8BE-A81B8D14AE26}.Debug|Any CPU.ActiveCfg = Debug|Any CPU
		{5CD463B0-6E31-4ABE-A8BE-A81B8D14AE26}.Debug|Any CPU.Build.0 = Debug|Any CPU
		{5CD463B0-6E31-4ABE-A8BE-A81B8D14AE26}.Release|Any CPU.ActiveCfg = Release|Any CPU
		{5CD463B0-6E31-4ABE-A8BE-A81B8D14AE26}.Release|Any CPU.Build.0 = Release|Any CPU
		{A966CABC-6295-48A5-B94F-84D61A5BE7DF}.Debug|Any CPU.ActiveCfg = Debug|Any CPU
		{A966CABC-6295-48A5-B94F-84D61A5BE7DF}.Debug|Any CPU.Build.0 = Debug|Any CPU
		{A966CABC-6295-48A5-B94F-84D61A5BE7DF}.Release|Any CPU.ActiveCfg = Release|Any CPU
		{A966CABC-6295-48A5-B94F-84D61A5BE7DF}.Release|Any CPU.Build.0 = Release|Any CPU
		{B66D20F5-7719-494B-925F-0DDE90788682}.Debug|Any CPU.ActiveCfg = Debug|Any CPU
		{B66D20F5-7719-494B-925F-0DDE90788682}.Debug|Any CPU.Build.0 = Debug|Any CPU
		{B66D20F5-7719-494B-925F-0DDE90788682}.Release|Any CPU.ActiveCfg = Release|Any CPU
		{B66D20F5-7719-494B-925F-0DDE90788682}.Release|Any CPU.Build.0 = Release|Any CPU
		{DC9CE9D9-77D8-40C9-83FF-E019ED3B965D}.Debug|Any CPU.ActiveCfg = Debug|Any CPU
		{DC9CE9D9-77D8-40C9-83FF-E019ED3B965D}.Debug|Any CPU.Build.0 = Debug|Any CPU
		{DC9CE9D9-77D8-40C9-83FF-E019ED3B965D}.Release|Any CPU.ActiveCfg = Release|Any CPU
		{DC9CE9D9-77D8-40C9-83FF-E019ED3B965D}.Release|Any CPU.Build.0 = Release|Any CPU
		{295875E8-AF43-429D-ABC2-BBF6F5EBD646}.Debug|Any CPU.ActiveCfg = Debug|Any CPU
		{295875E8-AF43-429D-ABC2-BBF6F5EBD646}.Debug|Any CPU.Build.0 = Debug|Any CPU
		{295875E8-AF43-429D-ABC2-BBF6F5EBD646}.Release|Any CPU.ActiveCfg = Release|Any CPU
		{295875E8-AF43-429D-ABC2-BBF6F5EBD646}.Release|Any CPU.Build.0 = Release|Any CPU
		{C4B7E0E6-4F87-45E4-BC23-09C192D89E77}.Debug|Any CPU.ActiveCfg = Debug|Any CPU
		{C4B7E0E6-4F87-45E4-BC23-09C192D89E77}.Debug|Any CPU.Build.0 = Debug|Any CPU
		{C4B7E0E6-4F87-45E4-BC23-09C192D89E77}.Release|Any CPU.ActiveCfg = Release|Any CPU
		{C4B7E0E6-4F87-45E4-BC23-09C192D89E77}.Release|Any CPU.Build.0 = Release|Any CPU
		{C4778B99-8E20-4289-B4F7-5A1F9D57612F}.Debug|Any CPU.ActiveCfg = Debug|Any CPU
		{C4778B99-8E20-4289-B4F7-5A1F9D57612F}.Debug|Any CPU.Build.0 = Debug|Any CPU
		{C4778B99-8E20-4289-B4F7-5A1F9D57612F}.Release|Any CPU.ActiveCfg = Release|Any CPU
		{C4778B99-8E20-4289-B4F7-5A1F9D57612F}.Release|Any CPU.Build.0 = Release|Any CPU
		{E9BBDDE2-1FCB-4978-8063-5D12D36D1CAD}.Debug|Any CPU.ActiveCfg = Debug|Any CPU
		{E9BBDDE2-1FCB-4978-8063-5D12D36D1CAD}.Debug|Any CPU.Build.0 = Debug|Any CPU
		{E9BBDDE2-1FCB-4978-8063-5D12D36D1CAD}.Release|Any CPU.ActiveCfg = Release|Any CPU
		{E9BBDDE2-1FCB-4978-8063-5D12D36D1CAD}.Release|Any CPU.Build.0 = Release|Any CPU
		{5789C04B-DAAC-445D-8D20-AA09861C49AA}.Debug|Any CPU.ActiveCfg = Debug|Any CPU
		{5789C04B-DAAC-445D-8D20-AA09861C49AA}.Debug|Any CPU.Build.0 = Debug|Any CPU
		{5789C04B-DAAC-445D-8D20-AA09861C49AA}.Release|Any CPU.ActiveCfg = Release|Any CPU
		{5789C04B-DAAC-445D-8D20-AA09861C49AA}.Release|Any CPU.Build.0 = Release|Any CPU
		{14A12DD6-7D6B-40A2-A08E-6527495AE9E8}.Debug|Any CPU.ActiveCfg = Debug|Any CPU
		{14A12DD6-7D6B-40A2-A08E-6527495AE9E8}.Debug|Any CPU.Build.0 = Debug|Any CPU
		{14A12DD6-7D6B-40A2-A08E-6527495AE9E8}.Release|Any CPU.ActiveCfg = Release|Any CPU
		{14A12DD6-7D6B-40A2-A08E-6527495AE9E8}.Release|Any CPU.Build.0 = Release|Any CPU
		{651EF631-3909-4154-9955-DCCDDDDF8E59}.Debug|Any CPU.ActiveCfg = Debug|Any CPU
		{651EF631-3909-4154-9955-DCCDDDDF8E59}.Debug|Any CPU.Build.0 = Debug|Any CPU
		{651EF631-3909-4154-9955-DCCDDDDF8E59}.Release|Any CPU.ActiveCfg = Release|Any CPU
		{651EF631-3909-4154-9955-DCCDDDDF8E59}.Release|Any CPU.Build.0 = Release|Any CPU
		{8FA8B655-4B3D-4825-8D3F-7DDE5B91352D}.Debug|Any CPU.ActiveCfg = Debug|Any CPU
		{8FA8B655-4B3D-4825-8D3F-7DDE5B91352D}.Debug|Any CPU.Build.0 = Debug|Any CPU
		{8FA8B655-4B3D-4825-8D3F-7DDE5B91352D}.Release|Any CPU.ActiveCfg = Release|Any CPU
		{8FA8B655-4B3D-4825-8D3F-7DDE5B91352D}.Release|Any CPU.Build.0 = Release|Any CPU
		{9E4C4A42-5BCC-452E-AB9A-457EFDB64AD2}.Debug|Any CPU.ActiveCfg = Debug|Any CPU
		{9E4C4A42-5BCC-452E-AB9A-457EFDB64AD2}.Debug|Any CPU.Build.0 = Debug|Any CPU
		{9E4C4A42-5BCC-452E-AB9A-457EFDB64AD2}.Release|Any CPU.ActiveCfg = Release|Any CPU
		{9E4C4A42-5BCC-452E-AB9A-457EFDB64AD2}.Release|Any CPU.Build.0 = Release|Any CPU
	EndGlobalSection
	GlobalSection(SolutionProperties) = preSolution
		HideSolutionNode = FALSE
	EndGlobalSection
	GlobalSection(NestedProjects) = preSolution
		{7E2DEF9E-53F8-43B9-8380-FB32BA77BEDD} = {0855AD8C-9873-448C-9573-4F93BC52B4E1}
		{548D17FC-80B1-462E-8C36-7A1E13F72C31} = {02EA681E-C7D8-13C7-8484-4AC65E1B71E8}
		{FB0A8040-1B1C-4BA7-9252-8A2867ECE1B9} = {02EA681E-C7D8-13C7-8484-4AC65E1B71E8}
		{50B38262-F74B-4950-94A3-469F36A91961} = {02EA681E-C7D8-13C7-8484-4AC65E1B71E8}
		{4148C216-768F-40C1-A5D3-C9AF7AD488B6} = {548D17FC-80B1-462E-8C36-7A1E13F72C31}
		{0855AD8C-9873-448C-9573-4F93BC52B4E1} = {4148C216-768F-40C1-A5D3-C9AF7AD488B6}
		{8971E6F2-CEC1-48E2-8CB7-89B60401960A} = {FB0A8040-1B1C-4BA7-9252-8A2867ECE1B9}
		{DD6D76B7-0F4A-4104-A561-7A1E318857E3} = {FB0A8040-1B1C-4BA7-9252-8A2867ECE1B9}
		{5CD463B0-6E31-4ABE-A8BE-A81B8D14AE26} = {8971E6F2-CEC1-48E2-8CB7-89B60401960A}
		{A966CABC-6295-48A5-B94F-84D61A5BE7DF} = {DD6D76B7-0F4A-4104-A561-7A1E318857E3}
		{B66D20F5-7719-494B-925F-0DDE90788682} = {507EB194-FAE2-47E2-B696-6FAC607FB05C}
		{DC9CE9D9-77D8-40C9-83FF-E019ED3B965D} = {507EB194-FAE2-47E2-B696-6FAC607FB05C}
		{507EB194-FAE2-47E2-B696-6FAC607FB05C} = {50B38262-F74B-4950-94A3-469F36A91961}
		{295875E8-AF43-429D-ABC2-BBF6F5EBD646} = {8971E6F2-CEC1-48E2-8CB7-89B60401960A}
		{C4B7E0E6-4F87-45E4-BC23-09C192D89E77} = {8971E6F2-CEC1-48E2-8CB7-89B60401960A}
		{C4778B99-8E20-4289-B4F7-5A1F9D57612F} = {507EB194-FAE2-47E2-B696-6FAC607FB05C}
		{E9BBDDE2-1FCB-4978-8063-5D12D36D1CAD} = {DD6D76B7-0F4A-4104-A561-7A1E318857E3}
		{5789C04B-DAAC-445D-8D20-AA09861C49AA} = {DD6D76B7-0F4A-4104-A561-7A1E318857E3}
		{14A12DD6-7D6B-40A2-A08E-6527495AE9E8} = {507EB194-FAE2-47E2-B696-6FAC607FB05C}
		{651EF631-3909-4154-9955-DCCDDDDF8E59} = {8971E6F2-CEC1-48E2-8CB7-89B60401960A}
		{8FA8B655-4B3D-4825-8D3F-7DDE5B91352D} = {507EB194-FAE2-47E2-B696-6FAC607FB05C}
		{9E4C4A42-5BCC-452E-AB9A-457EFDB64AD2} = {DD6D76B7-0F4A-4104-A561-7A1E318857E3}
	EndGlobalSection
	GlobalSection(ExtensibilityGlobals) = postSolution
		SolutionGuid = {5B497AFB-8BD8-4812-A226-0C6AC35C2BF3}
	EndGlobalSection
EndGlobal
